
Microsoft Visual Studio Solution File, Format Version 12.00
# Visual Studio Version 16
VisualStudioVersion = 16.0.29418.71
MinimumVisualStudioVersion = 10.0.40219.1
Project("{2150E333-8FDC-42A3-9474-1A3956D46DE8}") = "src", "src", "{B57083E2-2668-4B8B-ABFA-0EDBAD256A22}"
EndProject
Project("{2150E333-8FDC-42A3-9474-1A3956D46DE8}") = "_test", "_test", "{884C5BE2-CD46-42AF-AED2-117C5E833617}"
EndProject
Project("{2150E333-8FDC-42A3-9474-1A3956D46DE8}") = "_document", "_document", "{A1BF3FC4-AB2C-4763-AAAD-CFE67E43AEE4}"
EndProject
Project("{2150E333-8FDC-42A3-9474-1A3956D46DE8}") = "Services", "Services", "{C377FED8-907D-4BB1-9963-47BEFCC169B3}"
EndProject
Project("{2150E333-8FDC-42A3-9474-1A3956D46DE8}") = "Identity", "Identity", "{B9395C88-CED6-477A-BDEC-006C2C0C65B6}"
EndProject
Project("{9A19103F-16F7-4668-BE54-9A1E7A4F7556}") = "ASample.NetCore.Identity.Api", "src\Services\Identity\ASample.NetCore.Identity.Api\ASample.NetCore.Identity.Api.csproj", "{6A6EF469-3043-44EC-95D3-5DF6FD58B31B}"
EndProject
Project("{2150E333-8FDC-42A3-9474-1A3956D46DE8}") = "Product", "Product", "{49232437-2AFF-4EEE-B1F6-5A4D931292C1}"
EndProject
Project("{2150E333-8FDC-42A3-9474-1A3956D46DE8}") = "Infrastructure", "Infrastructure", "{1B2A7346-07E3-4BAC-9A00-D460BB6BB2C6}"
EndProject
Project("{2150E333-8FDC-42A3-9474-1A3956D46DE8}") = "Members", "Members", "{20537E0B-AB63-4BDB-90BC-052D6E26576F}"
EndProject
Project("{9A19103F-16F7-4668-BE54-9A1E7A4F7556}") = "ASample.NetCore.Product.Api", "src\Services\Product\ASample.NetCore.Product.Api\ASample.NetCore.Product.Api.csproj", "{F28DAB45-C297-422F-AF96-F49E0F94143E}"
EndProject
Project("{9A19103F-16F7-4668-BE54-9A1E7A4F7556}") = "ASample.NetCore.Members.Api", "src\Services\Members\ASample.NetCore.Members.Api\ASample.NetCore.Members.Api.csproj", "{1F7280F5-F316-4DB3-AD7F-0C8B7C822F07}"
EndProject
Project("{2150E333-8FDC-42A3-9474-1A3956D46DE8}") = "FileStorage", "FileStorage", "{544BC015-6B61-4205-95C4-1291F0347595}"
EndProject
Project("{9A19103F-16F7-4668-BE54-9A1E7A4F7556}") = "ASample.NetCore.FileStorage.Api", "src\Services\FileStorage\ASample.NetCore.FileStorage.Api\ASample.NetCore.FileStorage.Api.csproj", "{0A82020B-95DF-4D23-A1F3-A99A9B6042D3}"
EndProject
Project("{2150E333-8FDC-42A3-9474-1A3956D46DE8}") = "Orders", "Orders", "{4FD23EE2-0805-402C-BA72-6BE17B973A4E}"
EndProject
Project("{9A19103F-16F7-4668-BE54-9A1E7A4F7556}") = "ASample.NetCore.Order.Api", "src\Services\Orders\ASample.NetCore.Order.Api\ASample.NetCore.Order.Api.csproj", "{0EC246A3-527B-4C07-AFEF-FC217DEAAC92}"
EndProject
Project("{2150E333-8FDC-42A3-9474-1A3956D46DE8}") = "Markings", "Markings", "{E6936610-EC94-45AA-9314-704836F682E0}"
EndProject
Project("{9A19103F-16F7-4668-BE54-9A1E7A4F7556}") = "ASample.NetCore.Marketing.Api", "src\Services\Markings\ASample.NetCore.Marketing.Api\ASample.NetCore.Marketing.Api.csproj", "{E6BECA99-3941-450A-AA82-155BB81DF6A6}"
EndProject
Project("{2150E333-8FDC-42A3-9474-1A3956D46DE8}") = "Subjects", "Subjects", "{C3A11AFD-161F-492D-9DB8-E1367B81B1E1}"
EndProject
Project("{9A19103F-16F7-4668-BE54-9A1E7A4F7556}") = "ASample.NetCore.Subjects.Api", "src\Services\Subjects\ASample.NetCore.Subjects.Api\ASample.NetCore.Subjects.Api.csproj", "{32330D3A-AF5E-4E6F-BF71-D3B2DCD281D3}"
EndProject
Project("{9A19103F-16F7-4668-BE54-9A1E7A4F7556}") = "ASample.NetCore", "src\ASample.NetCore\ASample.NetCore.csproj", "{C0E62BCA-1D50-4E7C-9351-DA42F2A3D624}"
EndProject
Global
	GlobalSection(SolutionConfigurationPlatforms) = preSolution
		Debug|Any CPU = Debug|Any CPU
		Release|Any CPU = Release|Any CPU
	EndGlobalSection
	GlobalSection(ProjectConfigurationPlatforms) = postSolution
		{6A6EF469-3043-44EC-95D3-5DF6FD58B31B}.Debug|Any CPU.ActiveCfg = Debug|Any CPU
		{6A6EF469-3043-44EC-95D3-5DF6FD58B31B}.Debug|Any CPU.Build.0 = Debug|Any CPU
		{6A6EF469-3043-44EC-95D3-5DF6FD58B31B}.Release|Any CPU.ActiveCfg = Release|Any CPU
		{6A6EF469-3043-44EC-95D3-5DF6FD58B31B}.Release|Any CPU.Build.0 = Release|Any CPU
		{F28DAB45-C297-422F-AF96-F49E0F94143E}.Debug|Any CPU.ActiveCfg = Debug|Any CPU
		{F28DAB45-C297-422F-AF96-F49E0F94143E}.Debug|Any CPU.Build.0 = Debug|Any CPU
		{F28DAB45-C297-422F-AF96-F49E0F94143E}.Release|Any CPU.ActiveCfg = Release|Any CPU
		{F28DAB45-C297-422F-AF96-F49E0F94143E}.Release|Any CPU.Build.0 = Release|Any CPU
		{1F7280F5-F316-4DB3-AD7F-0C8B7C822F07}.Debug|Any CPU.ActiveCfg = Debug|Any CPU
		{1F7280F5-F316-4DB3-AD7F-0C8B7C822F07}.Debug|Any CPU.Build.0 = Debug|Any CPU
		{1F7280F5-F316-4DB3-AD7F-0C8B7C822F07}.Release|Any CPU.ActiveCfg = Release|Any CPU
		{1F7280F5-F316-4DB3-AD7F-0C8B7C822F07}.Release|Any CPU.Build.0 = Release|Any CPU
		{0A82020B-95DF-4D23-A1F3-A99A9B6042D3}.Debug|Any CPU.ActiveCfg = Debug|Any CPU
		{0A82020B-95DF-4D23-A1F3-A99A9B6042D3}.Debug|Any CPU.Build.0 = Debug|Any CPU
		{0A82020B-95DF-4D23-A1F3-A99A9B6042D3}.Release|Any CPU.ActiveCfg = Release|Any CPU
		{0A82020B-95DF-4D23-A1F3-A99A9B6042D3}.Release|Any CPU.Build.0 = Release|Any CPU
		{0EC246A3-527B-4C07-AFEF-FC217DEAAC92}.Debug|Any CPU.ActiveCfg = Debug|Any CPU
		{0EC246A3-527B-4C07-AFEF-FC217DEAAC92}.Debug|Any CPU.Build.0 = Debug|Any CPU
		{0EC246A3-527B-4C07-AFEF-FC217DEAAC92}.Release|Any CPU.ActiveCfg = Release|Any CPU
		{0EC246A3-527B-4C07-AFEF-FC217DEAAC92}.Release|Any CPU.Build.0 = Release|Any CPU
		{E6BECA99-3941-450A-AA82-155BB81DF6A6}.Debug|Any CPU.ActiveCfg = Debug|Any CPU
		{E6BECA99-3941-450A-AA82-155BB81DF6A6}.Debug|Any CPU.Build.0 = Debug|Any CPU
		{E6BECA99-3941-450A-AA82-155BB81DF6A6}.Release|Any CPU.ActiveCfg = Release|Any CPU
		{E6BECA99-3941-450A-AA82-155BB81DF6A6}.Release|Any CPU.Build.0 = Release|Any CPU
		{32330D3A-AF5E-4E6F-BF71-D3B2DCD281D3}.Debug|Any CPU.ActiveCfg = Debug|Any CPU
		{32330D3A-AF5E-4E6F-BF71-D3B2DCD281D3}.Debug|Any CPU.Build.0 = Debug|Any CPU
		{32330D3A-AF5E-4E6F-BF71-D3B2DCD281D3}.Release|Any CPU.ActiveCfg = Release|Any CPU
		{32330D3A-AF5E-4E6F-BF71-D3B2DCD281D3}.Release|Any CPU.Build.0 = Release|Any CPU
		{C0E62BCA-1D50-4E7C-9351-DA42F2A3D624}.Debug|Any CPU.ActiveCfg = Debug|Any CPU
		{C0E62BCA-1D50-4E7C-9351-DA42F2A3D624}.Debug|Any CPU.Build.0 = Debug|Any CPU
		{C0E62BCA-1D50-4E7C-9351-DA42F2A3D624}.Release|Any CPU.ActiveCfg = Release|Any CPU
		{C0E62BCA-1D50-4E7C-9351-DA42F2A3D624}.Release|Any CPU.Build.0 = Release|Any CPU
	EndGlobalSection
	GlobalSection(SolutionProperties) = preSolution
		HideSolutionNode = FALSE
	EndGlobalSection
	GlobalSection(NestedProjects) = preSolution
		{C377FED8-907D-4BB1-9963-47BEFCC169B3} = {B57083E2-2668-4B8B-ABFA-0EDBAD256A22}
		{B9395C88-CED6-477A-BDEC-006C2C0C65B6} = {C377FED8-907D-4BB1-9963-47BEFCC169B3}
		{6A6EF469-3043-44EC-95D3-5DF6FD58B31B} = {B9395C88-CED6-477A-BDEC-006C2C0C65B6}
		{49232437-2AFF-4EEE-B1F6-5A4D931292C1} = {C377FED8-907D-4BB1-9963-47BEFCC169B3}
		{1B2A7346-07E3-4BAC-9A00-D460BB6BB2C6} = {B57083E2-2668-4B8B-ABFA-0EDBAD256A22}
		{20537E0B-AB63-4BDB-90BC-052D6E26576F} = {C377FED8-907D-4BB1-9963-47BEFCC169B3}
		{F28DAB45-C297-422F-AF96-F49E0F94143E} = {49232437-2AFF-4EEE-B1F6-5A4D931292C1}
		{1F7280F5-F316-4DB3-AD7F-0C8B7C822F07} = {20537E0B-AB63-4BDB-90BC-052D6E26576F}
		{544BC015-6B61-4205-95C4-1291F0347595} = {C377FED8-907D-4BB1-9963-47BEFCC169B3}
		{0A82020B-95DF-4D23-A1F3-A99A9B6042D3} = {544BC015-6B61-4205-95C4-1291F0347595}
		{4FD23EE2-0805-402C-BA72-6BE17B973A4E} = {C377FED8-907D-4BB1-9963-47BEFCC169B3}
		{0EC246A3-527B-4C07-AFEF-FC217DEAAC92} = {4FD23EE2-0805-402C-BA72-6BE17B973A4E}
		{E6936610-EC94-45AA-9314-704836F682E0} = {C377FED8-907D-4BB1-9963-47BEFCC169B3}
		{E6BECA99-3941-450A-AA82-155BB81DF6A6} = {E6936610-EC94-45AA-9314-704836F682E0}
		{C3A11AFD-161F-492D-9DB8-E1367B81B1E1} = {C377FED8-907D-4BB1-9963-47BEFCC169B3}
		{32330D3A-AF5E-4E6F-BF71-D3B2DCD281D3} = {C3A11AFD-161F-492D-9DB8-E1367B81B1E1}
		{C0E62BCA-1D50-4E7C-9351-DA42F2A3D624} = {1B2A7346-07E3-4BAC-9A00-D460BB6BB2C6}
	EndGlobalSection
	GlobalSection(ExtensibilityGlobals) = postSolution
		SolutionGuid = {C71FEE72-C4B3-419F-9F44-80D7154F5FEE}
	EndGlobalSection
EndGlobal
